// !$*UTF8*$!
{
	archiveVersion = 1;
	classes = {
	};
	objectVersion = 50;
	objects = {

/* Begin PBXBuildFile section */
		F43E7C4C26031D0A003AA84B /* AppDelegate.swift in Sources */ = {isa = PBXBuildFile; fileRef = F43E7C4B26031D0A003AA84B /* AppDelegate.swift */; };
		F43E7C4E26031D0A003AA84B /* SceneDelegate.swift in Sources */ = {isa = PBXBuildFile; fileRef = F43E7C4D26031D0A003AA84B /* SceneDelegate.swift */; };
		F43E7C5026031D0A003AA84B /* ViewController.swift in Sources */ = {isa = PBXBuildFile; fileRef = F43E7C4F26031D0A003AA84B /* ViewController.swift */; };
		F43E7C5326031D0A003AA84B /* Main.storyboard in Resources */ = {isa = PBXBuildFile; fileRef = F43E7C5126031D0A003AA84B /* Main.storyboard */; };
		F43E7C5626031D0A003AA84B /* Swift_BusSeconds.xcdatamodeld in Sources */ = {isa = PBXBuildFile; fileRef = F43E7C5426031D0A003AA84B /* Swift_BusSeconds.xcdatamodeld */; };
		F43E7C5826031D0F003AA84B /* Assets.xcassets in Resources */ = {isa = PBXBuildFile; fileRef = F43E7C5726031D0F003AA84B /* Assets.xcassets */; };
		F43E7C5B26031D0F003AA84B /* LaunchScreen.storyboard in Resources */ = {isa = PBXBuildFile; fileRef = F43E7C5926031D0F003AA84B /* LaunchScreen.storyboard */; };
		F43E7C6626031D10003AA84B /* Swift_BusSecondsTests.swift in Sources */ = {isa = PBXBuildFile; fileRef = F43E7C6526031D10003AA84B /* Swift_BusSecondsTests.swift */; };
		F43E7C7126031D10003AA84B /* Swift_BusSecondsUITests.swift in Sources */ = {isa = PBXBuildFile; fileRef = F43E7C7026031D10003AA84B /* Swift_BusSecondsUITests.swift */; };
/* End PBXBuildFile section */

/* Begin PBXContainerItemProxy section */
		F43E7C6226031D10003AA84B /* PBXContainerItemProxy */ = {
			isa = PBXContainerItemProxy;
			containerPortal = F43E7C4026031D09003AA84B /* Project object */;
			proxyType = 1;
			remoteGlobalIDString = F43E7C4726031D09003AA84B;
			remoteInfo = "Swift BusSeconds";
		};
		F43E7C6D26031D10003AA84B /* PBXContainerItemProxy */ = {
			isa = PBXContainerItemProxy;
			containerPortal = F43E7C4026031D09003AA84B /* Project object */;
			proxyType = 1;
			remoteGlobalIDString = F43E7C4726031D09003AA84B;
			remoteInfo = "Swift BusSeconds";
		};
/* End PBXContainerItemProxy section */

/* Begin PBXFileReference section */
		F43E7C4826031D0A003AA84B /* Swift BusSeconds.app */ = {isa = PBXFileReference; explicitFileType = wrapper.application; includeInIndex = 0; path = "Swift BusSeconds.app"; sourceTree = BUILT_PRODUCTS_DIR; };
		F43E7C4B26031D0A003AA84B /* AppDelegate.swift */ = {isa = PBXFileReference; lastKnownFileType = sourcecode.swift; path = AppDelegate.swift; sourceTree = "<group>"; };
		F43E7C4D26031D0A003AA84B /* SceneDelegate.swift */ = {isa = PBXFileReference; lastKnownFileType = sourcecode.swift; path = SceneDelegate.swift; sourceTree = "<group>"; };
		F43E7C4F26031D0A003AA84B /* ViewController.swift */ = {isa = PBXFileReference; lastKnownFileType = sourcecode.swift; path = ViewController.swift; sourceTree = "<group>"; };
		F43E7C5226031D0A003AA84B /* Base */ = {isa = PBXFileReference; lastKnownFileType = file.storyboard; name = Base; path = Base.lproj/Main.storyboard; sourceTree = "<group>"; };
		F43E7C5526031D0A003AA84B /* Swift_BusSeconds.xcdatamodel */ = {isa = PBXFileReference; lastKnownFileType = wrapper.xcdatamodel; path = Swift_BusSeconds.xcdatamodel; sourceTree = "<group>"; };
		F43E7C5726031D0F003AA84B /* Assets.xcassets */ = {isa = PBXFileReference; lastKnownFileType = folder.assetcatalog; path = Assets.xcassets; sourceTree = "<group>"; };
		F43E7C5A26031D0F003AA84B /* Base */ = {isa = PBXFileReference; lastKnownFileType = file.storyboard; name = Base; path = Base.lproj/LaunchScreen.storyboard; sourceTree = "<group>"; };
		F43E7C5C26031D0F003AA84B /* Info.plist */ = {isa = PBXFileReference; lastKnownFileType = text.plist.xml; path = Info.plist; sourceTree = "<group>"; };
		F43E7C6126031D10003AA84B /* Swift BusSecondsTests.xctest */ = {isa = PBXFileReference; explicitFileType = wrapper.cfbundle; includeInIndex = 0; path = "Swift BusSecondsTests.xctest"; sourceTree = BUILT_PRODUCTS_DIR; };
		F43E7C6526031D10003AA84B /* Swift_BusSecondsTests.swift */ = {isa = PBXFileReference; lastKnownFileType = sourcecode.swift; path = Swift_BusSecondsTests.swift; sourceTree = "<group>"; };
		F43E7C6726031D10003AA84B /* Info.plist */ = {isa = PBXFileReference; lastKnownFileType = text.plist.xml; path = Info.plist; sourceTree = "<group>"; };
		F43E7C6C26031D10003AA84B /* Swift BusSecondsUITests.xctest */ = {isa = PBXFileReference; explicitFileType = wrapper.cfbundle; includeInIndex = 0; path = "Swift BusSecondsUITests.xctest"; sourceTree = BUILT_PRODUCTS_DIR; };
		F43E7C7026031D10003AA84B /* Swift_BusSecondsUITests.swift */ = {isa = PBXFileReference; lastKnownFileType = sourcecode.swift; path = Swift_BusSecondsUITests.swift; sourceTree = "<group>"; };
		F43E7C7226031D10003AA84B /* Info.plist */ = {isa = PBXFileReference; lastKnownFileType = text.plist.xml; path = Info.plist; sourceTree = "<group>"; };
/* End PBXFileReference section */

/* Begin PBXFrameworksBuildPhase section */
		F43E7C4526031D09003AA84B /* Frameworks */ = {
			isa = PBXFrameworksBuildPhase;
			buildActionMask = 2147483647;
			files = (
			);
			runOnlyForDeploymentPostprocessing = 0;
		};
		F43E7C5E26031D10003AA84B /* Frameworks */ = {
			isa = PBXFrameworksBuildPhase;
			buildActionMask = 2147483647;
			files = (
			);
			runOnlyForDeploymentPostprocessing = 0;
		};
		F43E7C6926031D10003AA84B /* Frameworks */ = {
			isa = PBXFrameworksBuildPhase;
			buildActionMask = 2147483647;
			files = (
			);
			runOnlyForDeploymentPostprocessing = 0;
		};
/* End PBXFrameworksBuildPhase section */

/* Begin PBXGroup section */
		F43E7C3F26031D09003AA84B = {
			isa = PBXGroup;
			children = (
				F43E7C4A26031D0A003AA84B /* Swift BusSeconds */,
				F43E7C6426031D10003AA84B /* Swift BusSecondsTests */,
				F43E7C6F26031D10003AA84B /* Swift BusSecondsUITests */,
				F43E7C4926031D0A003AA84B /* Products */,
			);
			sourceTree = "<group>";
		};
		F43E7C4926031D0A003AA84B /* Products */ = {
			isa = PBXGroup;
			children = (
				F43E7C4826031D0A003AA84B /* Swift BusSeconds.app */,
				F43E7C6126031D10003AA84B /* Swift BusSecondsTests.xctest */,
				F43E7C6C26031D10003AA84B /* Swift BusSecondsUITests.xctest */,
			);
			name = Products;
			sourceTree = "<group>";
		};
		F43E7C4A26031D0A003AA84B /* Swift BusSeconds */ = {
			isa = PBXGroup;
			children = (
				F43E7C4B26031D0A003AA84B /* AppDelegate.swift */,
				F43E7C4D26031D0A003AA84B /* SceneDelegate.swift */,
				F43E7C4F26031D0A003AA84B /* ViewController.swift */,
				F43E7C5126031D0A003AA84B /* Main.storyboard */,
				F43E7C5726031D0F003AA84B /* Assets.xcassets */,
				F43E7C5926031D0F003AA84B /* LaunchScreen.storyboard */,
				F43E7C5C26031D0F003AA84B /* Info.plist */,
				F43E7C5426031D0A003AA84B /* Swift_BusSeconds.xcdatamodeld */,
			);
			path = "Swift BusSeconds";
			sourceTree = "<group>";
		};
		F43E7C6426031D10003AA84B /* Swift BusSecondsTests */ = {
			isa = PBXGroup;
			children = (
				F43E7C6526031D10003AA84B /* Swift_BusSecondsTests.swift */,
				F43E7C6726031D10003AA84B /* Info.plist */,
			);
			path = "Swift BusSecondsTests";
			sourceTree = "<group>";
		};
		F43E7C6F26031D10003AA84B /* Swift BusSecondsUITests */ = {
			isa = PBXGroup;
			children = (
				F43E7C7026031D10003AA84B /* Swift_BusSecondsUITests.swift */,
				F43E7C7226031D10003AA84B /* Info.plist */,
			);
			path = "Swift BusSecondsUITests";
			sourceTree = "<group>";
		};
/* End PBXGroup section */

/* Begin PBXNativeTarget section */
		F43E7C4726031D09003AA84B /* Swift BusSeconds */ = {
			isa = PBXNativeTarget;
			buildConfigurationList = F43E7C7526031D10003AA84B /* Build configuration list for PBXNativeTarget "Swift BusSeconds" */;
			buildPhases = (
				F43E7C4426031D09003AA84B /* Sources */,
				F43E7C4526031D09003AA84B /* Frameworks */,
				F43E7C4626031D09003AA84B /* Resources */,
			);
			buildRules = (
			);
			dependencies = (
			);
			name = "Swift BusSeconds";
			productName = "Swift BusSeconds";
			productReference = F43E7C4826031D0A003AA84B /* Swift BusSeconds.app */;
			productType = "com.apple.product-type.application";
		};
		F43E7C6026031D10003AA84B /* Swift BusSecondsTests */ = {
			isa = PBXNativeTarget;
			buildConfigurationList = F43E7C7826031D10003AA84B /* Build configuration list for PBXNativeTarget "Swift BusSecondsTests" */;
			buildPhases = (
				F43E7C5D26031D10003AA84B /* Sources */,
				F43E7C5E26031D10003AA84B /* Frameworks */,
				F43E7C5F26031D10003AA84B /* Resources */,
			);
			buildRules = (
			);
			dependencies = (
				F43E7C6326031D10003AA84B /* PBXTargetDependency */,
			);
			name = "Swift BusSecondsTests";
			productName = "Swift BusSecondsTests";
			productReference = F43E7C6126031D10003AA84B /* Swift BusSecondsTests.xctest */;
			productType = "com.apple.product-type.bundle.unit-test";
		};
		F43E7C6B26031D10003AA84B /* Swift BusSecondsUITests */ = {
			isa = PBXNativeTarget;
			buildConfigurationList = F43E7C7B26031D10003AA84B /* Build configuration list for PBXNativeTarget "Swift BusSecondsUITests" */;
			buildPhases = (
				F43E7C6826031D10003AA84B /* Sources */,
				F43E7C6926031D10003AA84B /* Frameworks */,
				F43E7C6A26031D10003AA84B /* Resources */,
			);
			buildRules = (
			);
			dependencies = (
				F43E7C6E26031D10003AA84B /* PBXTargetDependency */,
			);
			name = "Swift BusSecondsUITests";
			productName = "Swift BusSecondsUITests";
			productReference = F43E7C6C26031D10003AA84B /* Swift BusSecondsUITests.xctest */;
			productType = "com.apple.product-type.bundle.ui-testing";
		};
/* End PBXNativeTarget section */

/* Begin PBXProject section */
		F43E7C4026031D09003AA84B /* Project object */ = {
			isa = PBXProject;
			attributes = {
				LastSwiftUpdateCheck = 1240;
				LastUpgradeCheck = 1240;
				TargetAttributes = {
					F43E7C4726031D09003AA84B = {
						CreatedOnToolsVersion = 12.4;
					};
					F43E7C6026031D10003AA84B = {
						CreatedOnToolsVersion = 12.4;
						TestTargetID = F43E7C4726031D09003AA84B;
					};
					F43E7C6B26031D10003AA84B = {
						CreatedOnToolsVersion = 12.4;
						TestTargetID = F43E7C4726031D09003AA84B;
					};
				};
			};
			buildConfigurationList = F43E7C4326031D09003AA84B /* Build configuration list for PBXProject "Swift BusSeconds" */;
			compatibilityVersion = "Xcode 9.3";
			developmentRegion = en;
			hasScannedForEncodings = 0;
			knownRegions = (
				en,
				Base,
			);
			mainGroup = F43E7C3F26031D09003AA84B;
			productRefGroup = F43E7C4926031D0A003AA84B /* Products */;
			projectDirPath = "";
			projectRoot = "";
			targets = (
				F43E7C4726031D09003AA84B /* Swift BusSeconds */,
				F43E7C6026031D10003AA84B /* Swift BusSecondsTests */,
				F43E7C6B26031D10003AA84B /* Swift BusSecondsUITests */,
			);
		};
/* End PBXProject section */

/* Begin PBXResourcesBuildPhase section */
		F43E7C4626031D09003AA84B /* Resources */ = {
			isa = PBXResourcesBuildPhase;
			buildActionMask = 2147483647;
			files = (
				F43E7C5B26031D0F003AA84B /* LaunchScreen.storyboard in Resources */,
				F43E7C5826031D0F003AA84B /* Assets.xcassets in Resources */,
				F43E7C5326031D0A003AA84B /* Main.storyboard in Resources */,
			);
			runOnlyForDeploymentPostprocessing = 0;
		};
		F43E7C5F26031D10003AA84B /* Resources */ = {
			isa = PBXResourcesBuildPhase;
			buildActionMask = 2147483647;
			files = (
			);
			runOnlyForDeploymentPostprocessing = 0;
		};
		F43E7C6A26031D10003AA84B /* Resources */ = {
			isa = PBXResourcesBuildPhase;
			buildActionMask = 2147483647;
			files = (
			);
			runOnlyForDeploymentPostprocessing = 0;
		};
/* End PBXResourcesBuildPhase section */

/* Begin PBXSourcesBuildPhase section */
		F43E7C4426031D09003AA84B /* Sources */ = {
			isa = PBXSourcesBuildPhase;
			buildActionMask = 2147483647;
			files = (
				F43E7C5026031D0A003AA84B /* ViewController.swift in Sources */,
				F43E7C4C26031D0A003AA84B /* AppDelegate.swift in Sources */,
				F43E7C5626031D0A003AA84B /* Swift_BusSeconds.xcdatamodeld in Sources */,
				F43E7C4E26031D0A003AA84B /* SceneDelegate.swift in Sources */,
			);
			runOnlyForDeploymentPostprocessing = 0;
		};
		F43E7C5D26031D10003AA84B /* Sources */ = {
			isa = PBXSourcesBuildPhase;
			buildActionMask = 2147483647;
			files = (
				F43E7C6626031D10003AA84B /* Swift_BusSecondsTests.swift in Sources */,
			);
			runOnlyForDeploymentPostprocessing = 0;
		};
		F43E7C6826031D10003AA84B /* Sources */ = {
			isa = PBXSourcesBuildPhase;
			buildActionMask = 2147483647;
			files = (
				F43E7C7126031D10003AA84B /* Swift_BusSecondsUITests.swift in Sources */,
			);
			runOnlyForDeploymentPostprocessing = 0;
		};
/* End PBXSourcesBuildPhase section */

/* Begin PBXTargetDependency section */
		F43E7C6326031D10003AA84B /* PBXTargetDependency */ = {
			isa = PBXTargetDependency;
			target = F43E7C4726031D09003AA84B /* Swift BusSeconds */;
			targetProxy = F43E7C6226031D10003AA84B /* PBXContainerItemProxy */;
		};
		F43E7C6E26031D10003AA84B /* PBXTargetDependency */ = {
			isa = PBXTargetDependency;
			target = F43E7C4726031D09003AA84B /* Swift BusSeconds */;
			targetProxy = F43E7C6D26031D10003AA84B /* PBXContainerItemProxy */;
		};
/* End PBXTargetDependency section */

/* Begin PBXVariantGroup section */
		F43E7C5126031D0A003AA84B /* Main.storyboard */ = {
			isa = PBXVariantGroup;
			children = (
				F43E7C5226031D0A003AA84B /* Base */,
			);
			name = Main.storyboard;
			sourceTree = "<group>";
		};
		F43E7C5926031D0F003AA84B /* LaunchScreen.storyboard */ = {
			isa = PBXVariantGroup;
			children = (
				F43E7C5A26031D0F003AA84B /* Base */,
			);
			name = LaunchScreen.storyboard;
			sourceTree = "<group>";
		};
/* End PBXVariantGroup section */

/* Begin XCBuildConfiguration section */
		F43E7C7326031D10003AA84B /* Debug */ = {
			isa = XCBuildConfiguration;
			buildSettings = {
				ALWAYS_SEARCH_USER_PATHS = NO;
				CLANG_ANALYZER_NONNULL = YES;
				CLANG_ANALYZER_NUMBER_OBJECT_CONVERSION = YES_AGGRESSIVE;
				CLANG_CXX_LANGUAGE_STANDARD = "gnu++14";
				CLANG_CXX_LIBRARY = "libc++";
				CLANG_ENABLE_MODULES = YES;
				CLANG_ENABLE_OBJC_ARC = YES;
				CLANG_ENABLE_OBJC_WEAK = YES;
				CLANG_WARN_BLOCK_CAPTURE_AUTORELEASING = YES;
				CLANG_WARN_BOOL_CONVERSION = YES;
				CLANG_WARN_COMMA = YES;
				CLANG_WARN_CONSTANT_CONVERSION = YES;
				CLANG_WARN_DEPRECATED_OBJC_IMPLEMENTATIONS = YES;
				CLANG_WARN_DIRECT_OBJC_ISA_USAGE = YES_ERROR;
				CLANG_WARN_DOCUMENTATION_COMMENTS = YES;
				CLANG_WARN_EMPTY_BODY = YES;
				CLANG_WARN_ENUM_CONVERSION = YES;
				CLANG_WARN_INFINITE_RECURSION = YES;
				CLANG_WARN_INT_CONVERSION = YES;
				CLANG_WARN_NON_LITERAL_NULL_CONVERSION = YES;
				CLANG_WARN_OBJC_IMPLICIT_RETAIN_SELF = YES;
				CLANG_WARN_OBJC_LITERAL_CONVERSION = YES;
				CLANG_WARN_OBJC_ROOT_CLASS = YES_ERROR;
				CLANG_WARN_QUOTED_INCLUDE_IN_FRAMEWORK_HEADER = YES;
				CLANG_WARN_RANGE_LOOP_ANALYSIS = YES;
				CLANG_WARN_STRICT_PROTOTYPES = YES;
				CLANG_WARN_SUSPICIOUS_MOVE = YES;
				CLANG_WARN_UNGUARDED_AVAILABILITY = YES_AGGRESSIVE;
				CLANG_WARN_UNREACHABLE_CODE = YES;
				CLANG_WARN__DUPLICATE_METHOD_MATCH = YES;
				COPY_PHASE_STRIP = NO;
				DEBUG_INFORMATION_FORMAT = dwarf;
				ENABLE_STRICT_OBJC_MSGSEND = YES;
				ENABLE_TESTABILITY = YES;
				GCC_C_LANGUAGE_STANDARD = gnu11;
				GCC_DYNAMIC_NO_PIC = NO;
				GCC_NO_COMMON_BLOCKS = YES;
				GCC_OPTIMIZATION_LEVEL = 0;
				GCC_PREPROCESSOR_DEFINITIONS = (
					"DEBUG=1",
					"$(inherited)",
				);
				GCC_WARN_64_TO_32_BIT_CONVERSION = YES;
				GCC_WARN_ABOUT_RETURN_TYPE = YES_ERROR;
				GCC_WARN_UNDECLARED_SELECTOR = YES;
				GCC_WARN_UNINITIALIZED_AUTOS = YES_AGGRESSIVE;
				GCC_WARN_UNUSED_FUNCTION = YES;
				GCC_WARN_UNUSED_VARIABLE = YES;
				IPHONEOS_DEPLOYMENT_TARGET = 14.4;
				MTL_ENABLE_DEBUG_INFO = INCLUDE_SOURCE;
				MTL_FAST_MATH = YES;
				ONLY_ACTIVE_ARCH = YES;
				SDKROOT = iphoneos;
				SWIFT_ACTIVE_COMPILATION_CONDITIONS = DEBUG;
				SWIFT_OPTIMIZATION_LEVEL = "-Onone";
			};
			name = Debug;
		};
		F43E7C7426031D10003AA84B /* Release */ = {
			isa = XCBuildConfiguration;
			buildSettings = {
				ALWAYS_SEARCH_USER_PATHS = NO;
				CLANG_ANALYZER_NONNULL = YES;
				CLANG_ANALYZER_NUMBER_OBJECT_CONVERSION = YES_AGGRESSIVE;
				CLANG_CXX_LANGUAGE_STANDARD = "gnu++14";
				CLANG_CXX_LIBRARY = "libc++";
				CLANG_ENABLE_MODULES = YES;
				CLANG_ENABLE_OBJC_ARC = YES;
				CLANG_ENABLE_OBJC_WEAK = YES;
				CLANG_WARN_BLOCK_CAPTURE_AUTORELEASING = YES;
				CLANG_WARN_BOOL_CONVERSION = YES;
				CLANG_WARN_COMMA = YES;
				CLANG_WARN_CONSTANT_CONVERSION = YES;
				CLANG_WARN_DEPRECATED_OBJC_IMPLEMENTATIONS = YES;
				CLANG_WARN_DIRECT_OBJC_ISA_USAGE = YES_ERROR;
				CLANG_WARN_DOCUMENTATION_COMMENTS = YES;
				CLANG_WARN_EMPTY_BODY = YES;
				CLANG_WARN_ENUM_CONVERSION = YES;
				CLANG_WARN_INFINITE_RECURSION = YES;
				CLANG_WARN_INT_CONVERSION = YES;
				CLANG_WARN_NON_LITERAL_NULL_CONVERSION = YES;
				CLANG_WARN_OBJC_IMPLICIT_RETAIN_SELF = YES;
				CLANG_WARN_OBJC_LITERAL_CONVERSION = YES;
				CLANG_WARN_OBJC_ROOT_CLASS = YES_ERROR;
				CLANG_WARN_QUOTED_INCLUDE_IN_FRAMEWORK_HEADER = YES;
				CLANG_WARN_RANGE_LOOP_ANALYSIS = YES;
				CLANG_WARN_STRICT_PROTOTYPES = YES;
				CLANG_WARN_SUSPICIOUS_MOVE = YES;
				CLANG_WARN_UNGUARDED_AVAILABILITY = YES_AGGRESSIVE;
				CLANG_WARN_UNREACHABLE_CODE = YES;
				CLANG_WARN__DUPLICATE_METHOD_MATCH = YES;
				COPY_PHASE_STRIP = NO;
				DEBUG_INFORMATION_FORMAT = "dwarf-with-dsym";
				ENABLE_NS_ASSERTIONS = NO;
				ENABLE_STRICT_OBJC_MSGSEND = YES;
				GCC_C_LANGUAGE_STANDARD = gnu11;
				GCC_NO_COMMON_BLOCKS = YES;
				GCC_WARN_64_TO_32_BIT_CONVERSION = YES;
				GCC_WARN_ABOUT_RETURN_TYPE = YES_ERROR;
				GCC_WARN_UNDECLARED_SELECTOR = YES;
				GCC_WARN_UNINITIALIZED_AUTOS = YES_AGGRESSIVE;
				GCC_WARN_UNUSED_FUNCTION = YES;
				GCC_WARN_UNUSED_VARIABLE = YES;
				IPHONEOS_DEPLOYMENT_TARGET = 14.4;
				MTL_ENABLE_DEBUG_INFO = NO;
				MTL_FAST_MATH = YES;
				SDKROOT = iphoneos;
				SWIFT_COMPILATION_MODE = wholemodule;
				SWIFT_OPTIMIZATION_LEVEL = "-O";
				VALIDATE_PRODUCT = YES;
			};
			name = Release;
		};
		F43E7C7626031D10003AA84B /* Debug */ = {
			isa = XCBuildConfiguration;
			buildSettings = {
				ASSETCATALOG_COMPILER_APPICON_NAME = AppIcon;
				ASSETCATALOG_COMPILER_GLOBAL_ACCENT_COLOR_NAME = AccentColor;
				CODE_SIGN_STYLE = Automatic;
				DEVELOPMENT_TEAM = S3PW95J64Q;
				INFOPLIST_FILE = "Swift BusSeconds/Info.plist";
				LD_RUNPATH_SEARCH_PATHS = (
					"$(inherited)",
					"@executable_path/Frameworks",
				);
				PRODUCT_BUNDLE_IDENTIFIER = "com.Hiroaki-Hirabayashi.Swift-BusSeconds";
				PRODUCT_NAME = "$(TARGET_NAME)";
				SWIFT_VERSION = 5.0;
				TARGETED_DEVICE_FAMILY = "1,2";
			};
			name = Debug;
		};
		F43E7C7726031D10003AA84B /* Release */ = {
			isa = XCBuildConfiguration;
			buildSettings = {
				ASSETCATALOG_COMPILER_APPICON_NAME = AppIcon;
				ASSETCATALOG_COMPILER_GLOBAL_ACCENT_COLOR_NAME = AccentColor;
				CODE_SIGN_STYLE = Automatic;
				DEVELOPMENT_TEAM = S3PW95J64Q;
				INFOPLIST_FILE = "Swift BusSeconds/Info.plist";
				LD_RUNPATH_SEARCH_PATHS = (
					"$(inherited)",
					"@executable_path/Frameworks",
				);
				PRODUCT_BUNDLE_IDENTIFIER = "com.Hiroaki-Hirabayashi.Swift-BusSeconds";
				PRODUCT_NAME = "$(TARGET_NAME)";
				SWIFT_VERSION = 5.0;
				TARGETED_DEVICE_FAMILY = "1,2";
			};
			name = Release;
		};
		F43E7C7926031D10003AA84B /* Debug */ = {
			isa = XCBuildConfiguration;
			buildSettings = {
				ALWAYS_EMBED_SWIFT_STANDARD_LIBRARIES = YES;
				BUNDLE_LOADER = "$(TEST_HOST)";
				CODE_SIGN_STYLE = Automatic;
				DEVELOPMENT_TEAM = S3PW95J64Q;
				INFOPLIST_FILE = "Swift BusSecondsTests/Info.plist";
				IPHONEOS_DEPLOYMENT_TARGET = 14.4;
				LD_RUNPATH_SEARCH_PATHS = (
					"$(inherited)",
					"@executable_path/Frameworks",
					"@loader_path/Frameworks",
				);
				PRODUCT_BUNDLE_IDENTIFIER = "com.Hiroaki-Hirabayashi.Swift-BusSecondsTests";
				PRODUCT_NAME = "$(TARGET_NAME)";
				SWIFT_VERSION = 5.0;
				TARGETED_DEVICE_FAMILY = "1,2";
				TEST_HOST = "$(BUILT_PRODUCTS_DIR)/Swift BusSeconds.app/Swift BusSeconds";
			};
			name = Debug;
		};
		F43E7C7A26031D10003AA84B /* Release */ = {
			isa = XCBuildConfiguration;
			buildSettings = {
				ALWAYS_EMBED_SWIFT_STANDARD_LIBRARIES = YES;
				BUNDLE_LOADER = "$(TEST_HOST)";
				CODE_SIGN_STYLE = Automatic;
				DEVELOPMENT_TEAM = S3PW95J64Q;
				INFOPLIST_FILE = "Swift BusSecondsTests/Info.plist";
				IPHONEOS_DEPLOYMENT_TARGET = 14.4;
				LD_RUNPATH_SEARCH_PATHS = (
					"$(inherited)",
					"@executable_path/Frameworks",
					"@loader_path/Frameworks",
				);
				PRODUCT_BUNDLE_IDENTIFIER = "com.Hiroaki-Hirabayashi.Swift-BusSecondsTests";
				PRODUCT_NAME = "$(TARGET_NAME)";
				SWIFT_VERSION = 5.0;
				TARGETED_DEVICE_FAMILY = "1,2";
				TEST_HOST = "$(BUILT_PRODUCTS_DIR)/Swift BusSeconds.app/Swift BusSeconds";
			};
			name = Release;
		};
		F43E7C7C26031D10003AA84B /* Debug */ = {
			isa = XCBuildConfiguration;
			buildSettings = {
				ALWAYS_EMBED_SWIFT_STANDARD_LIBRARIES = YES;
				CODE_SIGN_STYLE = Automatic;
				DEVELOPMENT_TEAM = S3PW95J64Q;
				INFOPLIST_FILE = "Swift BusSecondsUITests/Info.plist";
				LD_RUNPATH_SEARCH_PATHS = (
					"$(inherited)",
					"@executable_path/Frameworks",
					"@loader_path/Frameworks",
				);
				PRODUCT_BUNDLE_IDENTIFIER = "com.Hiroaki-Hirabayashi.Swift-BusSecondsUITests";
				PRODUCT_NAME = "$(TARGET_NAME)";
				SWIFT_VERSION = 5.0;
				TARGETED_DEVICE_FAMILY = "1,2";
				TEST_TARGET_NAME = "Swift BusSeconds";
			};
			name = Debug;
		};
		F43E7C7D26031D10003AA84B /* Release */ = {
			isa = XCBuildConfiguration;
			buildSettings = {
				ALWAYS_EMBED_SWIFT_STANDARD_LIBRARIES = YES;
				CODE_SIGN_STYLE = Automatic;
				DEVELOPMENT_TEAM = S3PW95J64Q;
				INFOPLIST_FILE = "Swift BusSecondsUITests/Info.plist";
				LD_RUNPATH_SEARCH_PATHS = (
					"$(inherited)",
					"@executable_path/Frameworks",
					"@loader_path/Frameworks",
				);
				PRODUCT_BUNDLE_IDENTIFIER = "com.Hiroaki-Hirabayashi.Swift-BusSecondsUITests";
				PRODUCT_NAME = "$(TARGET_NAME)";
				SWIFT_VERSION = 5.0;
				TARGETED_DEVICE_FAMILY = "1,2";
				TEST_TARGET_NAME = "Swift BusSeconds";
			};
			name = Release;
		};
/* End XCBuildConfiguration section */

/* Begin XCConfigurationList section */
		F43E7C4326031D09003AA84B /* Build configuration list for PBXProject "Swift BusSeconds" */ = {
			isa = XCConfigurationList;
			buildConfigurations = (
				F43E7C7326031D10003AA84B /* Debug */,
				F43E7C7426031D10003AA84B /* Release */,
			);
			defaultConfigurationIsVisible = 0;
			defaultConfigurationName = Release;
		};
		F43E7C7526031D10003AA84B /* Build configuration list for PBXNativeTarget "Swift BusSeconds" */ = {
			isa = XCConfigurationList;
			buildConfigurations = (
				F43E7C7626031D10003AA84B /* Debug */,
				F43E7C7726031D10003AA84B /* Release */,
			);
			defaultConfigurationIsVisible = 0;
			defaultConfigurationName = Release;
		};
		F43E7C7826031D10003AA84B /* Build configuration list for PBXNativeTarget "Swift BusSecondsTests" */ = {
			isa = XCConfigurationList;
			buildConfigurations = (
				F43E7C7926031D10003AA84B /* Debug */,
				F43E7C7A26031D10003AA84B /* Release */,
			);
			defaultConfigurationIsVisible = 0;
			defaultConfigurationName = Release;
		};
		F43E7C7B26031D10003AA84B /* Build configuration list for PBXNativeTarget "Swift BusSecondsUITests" */ = {
			isa = XCConfigurationList;
			buildConfigurations = (
				F43E7C7C26031D10003AA84B /* Debug */,
				F43E7C7D26031D10003AA84B /* Release */,
			);
			defaultConfigurationIsVisible = 0;
			defaultConfigurationName = Release;
		};
/* End XCConfigurationList section */

/* Begin XCVersionGroup section */
		F43E7C5426031D0A003AA84B /* Swift_BusSeconds.xcdatamodeld */ = {
			isa = XCVersionGroup;
			children = (
				F43E7C5526031D0A003AA84B /* Swift_BusSeconds.xcdatamodel */,
			);
			currentVersion = F43E7C5526031D0A003AA84B /* Swift_BusSeconds.xcdatamodel */;
			path = Swift_BusSeconds.xcdatamodeld;
			sourceTree = "<group>";
			versionGroupType = wrapper.xcdatamodel;
		};
/* End XCVersionGroup section */
	};
	rootObject = F43E7C4026031D09003AA84B /* Project object */;
}
